
Microsoft Visual Studio Solution File, Format Version 12.00
# Visual Studio Version 16
VisualStudioVersion = 16.0.30907.101
MinimumVisualStudioVersion = 10.0.40219.1
Project("{FAE04EC0-301F-11D3-BF4B-00C04F79EFBC}") = "Advent of Code", "Advent of Code.csproj", "{9A7B8AD0-8F97-468E-83B5-672547B625F1}"
EndProject
Global
	GlobalSection(SolutionConfigurationPlatforms) = preSolution
		Debug|Any CPU = Debug|Any CPU
		Release|Any CPU = Release|Any CPU
	EndGlobalSection
	GlobalSection(ProjectConfigurationPlatforms) = postSolution
		{9A7B8AD0-8F97-468E-83B5-672547B625F1}.Debug|Any CPU.ActiveCfg = Debug|Any CPU
		{9A7B8AD0-8F97-468E-83B5-672547B625F1}.Debug|Any CPU.Build.0 = Debug|Any CPU
		{9A7B8AD0-8F97-468E-83B5-672547B625F1}.Release|Any CPU.ActiveCfg = Release|Any CPU
		{9A7B8AD0-8F97-468E-83B5-672547B625F1}.Release|Any CPU.Build.0 = Release|Any CPU
	EndGlobalSection
	GlobalSection(SolutionProperties) = preSolution
		HideSolutionNode = FALSE
	EndGlobalSection
	GlobalSection(ExtensibilityGlobals) = postSolution
		SolutionGuid = {BE9320AC-17FA-48CE-A182-8C22DEEF9341}
	EndGlobalSection
EndGlobal
